{
  "name": "electron-react-boilerplate",
  "version": "0.17.1",
  "lockfileVersion": 1,
  "requires": true,
  "dependencies": {
    "react-moment": {
      "version": "0.8.4",
      "resolved": "https://registry.npmjs.org/react-moment/-/react-moment-0.8.4.tgz",
      "integrity": "sha512-QhI19OcfhiAn60/O6bMR0w8ApXrPFCjv6+eV0I/P9/AswzjgEAx4L7VxMBCpS/jrythLa12Q9v88req+ys4YpA=="
    }
  }
}
